{
  "name": "frontend",
  "version": "1.0.0",
  "lockfileVersion": 2,
  "requires": true,
  "packages": {
    "": {
      "name": "frontend",
      "version": "1.0.0",
      "dependencies": {
        "axios": "^1.5.0",
        "dayjs": "^1.11.7",
        "react": "^18.2.0",
        "react-calendar": "^3.8.0",
        "react-dom": "^18.2.0",
        "react-router-dom": "^6.14.2",
        "react-scripts": "^5.0.1"
      }
    },
    "node_modules/axios": {
      "version": "1.5.0",
      "resolved": "https://registry.npmjs.org/axios/-/axios-1.5.0.tgz",
      "integrity": "sha512-/3T+pMtdzG/kc8mC9qdx4hkqfC7Uzz5w7hrOfH6k2v1ShD8W6s9bRzF/0YbXcA7sf2tOH0bYN+2AKfVXb5KX+w==",
      "dependencies": {}
    },
    "node_modules/dayjs": {
      "version": "1.11.7",
      "resolved": "https://registry.npmjs.org/dayjs/-/dayjs-1.11.7.tgz",
      "integrity": "sha512-6s+eI94yhEfbAdNdw9v81GFwwFQhJhGe9M8vZ0KH8QJ4v4yUz2khtRmgm5gQ0ykFQ0C+QoMxkZsX7v2+qC+L8w==",
      "dependencies": {}
    },
    "node_modules/react": {
      "version": "18.2.0",
      "resolved": "https://registry.npmjs.org/react/-/react-18.2.0.tgz",
      "integrity": "sha512-/iw9FTqF+Dwzqlg0zYxNq37RX1aJ3i0t6U06UPtA0bfkX7g8yIl+mmkqXk4L3Zom4y7b6R0jH6Z+G7cw/0PKg==",
      "dependencies": {}
    },
    "node_modules/react-calendar": {
      "version": "3.8.0",
      "resolved": "https://registry.npmjs.org/react-calendar/-/react-calendar-3.8.0.tgz",
      "integrity": "sha512-3Dx8qkL+G6YoH02jOz07w0YyXowK0FqX0+ozZ/t9h8Jq2sW/Jw+dPK0V6Nf2/9I4pukJ2bw6fE2Dq4vUKSmB0g==",
      "dependencies": {}
    },
    "node_modules/react-dom": {
      "version": "18.2.0",
      "resolved": "https://registry.npmjs.org/react-dom/-/react-dom-18.2.0.tgz",
      "integrity": "sha512-Vm8BhtJQz/7+XzToGvzt9vHkP+cMxL7rjFv1tGqv0EzA5iSCLkA/hoHkEUp7C6z0rJkBjxY2z+j3o4Hg1jicFQ==",
      "dependencies": {}
    },
    "node_modules/react-router-dom": {
      "version": "6.14.2",
      "resolved": "https://registry.npmjs.org/react-router-dom/-/react-router-dom-6.14.2.tgz",
      "integrity": "sha512-r8+l/0cJ8V6pB2lmXrJZsYK5VJ7hZED0V4soV6r4P0uUVL+Nk1FmG0pa7eF1Yo3Gv3Jt8qvMZbY6UvWUZpHfPQ==",
      "dependencies": {}
    },
    "node_modules/react-scripts": {
      "version": "5.0.1",
      "resolved": "https://registry.npmjs.org/react-scripts/-/react-scripts-5.0.1.tgz",
      "integrity": "sha512-rX0u1E1nl34XJ2FsmMTZ93aXbPq9a4hGBvXe6jI2Q0Hg0XxX8jBz9Z5R12CqYF/KxDDu0+7zAxH/cqf8vXJxEw==",
      "dependencies": {}
    }
  }
}
