{
  "name": "calendar-backend",
  "version": "1.0.0",
  "lockfileVersion": 3,
  "requires": true,
  "packages": {
    "": {
      "name": "calendar-backend",
      "version": "1.0.0",
      "license": "ISC",
      "dependencies": {
        "cors": "^2.8.5",
        "express": "^4.18.2",
        "nanoid": "^4.0.0"
      }
    },
    "node_modules/accepts": {
      "version": "1.3.8",
      "resolved": "https://registry.npmjs.org/accepts/-/accepts-1.3.8.tgz",
      "integrity": "sha512-jj6e3gkXh+Gd5Q/xbFf6tgOjZz6zK+GQnFTVmzPbQprQfl5h1X3lWJ6WxSux8LUMF0e2dYVN+41wIb1mQWgWug==",
      "dependencies": {
        "mime-types": "~2.1.34",
        "negotiator": "0.6.3"
      },
      "engines": {
        "node": ">= 0.6"
      }
    },
    "node_modules/array-flatten": {
      "version": "1.1.1",
      "resolved": "https://registry.npmjs.org/array-flatten/-/array-flatten-1.1.1.tgz",
      "integrity": "sha512-PCVAQhkkbYPNp3uNwEiCs+0gTcVvACcHZ7l6zB5lLkGJy+u9sN60RU7rR1sA0dL7hfdwFXb6i9xWxr4p0X8Wbw=="
    },
    "node_modules/body-parser": {
      "version": "1.20.1",
      "resolved": "https://registry.npmjs.org/body-parser/-/body-parser-1.20.1.tgz",
      "integrity": "sha512-jWi7abTbYBfB3S6Az7U4/6Rz9lOJP95yFb3iF4Zlo9tZoy8R5iVvVvMJl4uB8lV1zAEKj2gMYADd4cF1SOQb7g==",
      "dependencies": {
        "bytes": "3.1.2",
        "content-type": "~1.0.4",
        "debug": "2.6.9",
        "depd": "2.0.0",
        "destroy": "1.2.0",
        "http-errors": "2.0.0",
        "iconv-lite": "0.4.24",
        "on-finished": "2.4.1",
        "qs": "6.11.0",
        "raw-body": "2.5.1",
        "type-is": "~1.6.18",
        "unpipe": "1.0.0"
      },
      "engines": {
        "node": ">= 0.8"
      }
    },
    "node_modules/bytes": {
      "version": "3.1.2",
      "resolved": "https://registry.npmjs.org/bytes/-/bytes-3.1.2.tgz",
      "integrity": "sha512-rJYAcTfCZX1P3D0aX5Rnn+xkV4DjvBSZf0J14pR2pG9bC6L8QYkZO2z5NwB6YVt7cWvUdr+Fc6WPf7KexTjCUg=="
    },
    "node_modules/content-type": {
      "version": "1.0.5",
      "resolved": "https://registry.npmjs.org/content-type/-/content-type-1.0.5.tgz",
      "integrity": "sha512-nTjqJ+SfdmSbn3FjTzToI/8LMAkKjW1EdTxftI9QQn+P5m5bL2QfKreV3Hk6K+qlz8j4iGmQmfkN8zB1Bk2TJQ==",
      "engines": {
        "node": ">= 0.6"
      }
    },
    "node_modules/cors": {
      "version": "2.8.5",
      "resolved": "https://registry.npmjs.org/cors/-/cors-2.8.5.tgz",
      "integrity": "sha512-K4o8r9OksG4j5x1daYlVhAf4GpPz6N+U0jjOr3o1M0kqFdL4LqNVgR63UHcW3X33mVHyrC3oN6fzJrR4p9E0bA==",
      "dependencies": {
        "object-assign": "^4",
        "vary": "^1"
      },
      "engines": {
        "node": ">= 0.10"
      }
    },
    "node_modules/debug": {
      "version": "2.6.9",
      "resolved": "https://registry.npmjs.org/debug/-/debug-2.6.9.tgz",
      "integrity": "sha512-bRss0A9xjZz+E4JpR2r3Gf+2pF1YkT0XfVwFfUprRO6vfZcTqV0Bf8tWgWhM2M8uKh1D4oPsz7sJRPULSxX2+Q==",
      "dependencies": {
        "ms": "2.0.0"
      }
    },
    "node_modules/express": {
      "version": "4.18.2",
      "resolved": "https://registry.npmjs.org/express/-/express-4.18.2.tgz",
      "integrity": "sha512-5aWs7oGJ2f+qp2U0VqPry1y9MZ8m/NMyTkVtKe8xGkrPZJuxZ2VDyG9u3MYXlXrkakU20yW+KZpQvT5+JYJYkw==",
      "dependencies": {
        "accepts": "~1.3.8",
        "array-flatten": "1.1.1",
        "body-parser": "1.20.1",
        "content-disposition": "0.5.4",
        "content-type": "~1.0.4",
        "cookie": "0.5.0",
        "cookie-signature": "1.0.6",
        "debug": "2.6.9",
        "depd": "2.0.0",
        "encodeurl": "~1.0.2",
        "escape-html": "~1.0.3",
        "etag": "~1.8.1",
        "finalhandler": "1.2.0",
        "fresh": "0.5.2",
        "http-errors": "2.0.0",
        "merge-descriptors": "1.0.1",
        "methods": "~1.1.2",
        "on-finished": "2.4.1",
        "parseurl": "~1.3.3",
        "path-to-regexp": "0.1.7",
        "proxy-addr": "~2.0.7",
        "qs": "6.11.0",
        "range-parser": "~1.2.1",
        "safe-buffer": "5.2.1",
        "send": "0.18.0",
        "serve-static": "1.15.0",
        "setprototypeof": "1.2.0",
        "statuses": "2.0.1",
        "type-is": "~1.6.18",
        "utils-merge": "1.0.1",
        "vary": "~1.1.2"
      },
      "engines": {
        "node": ">= 0.10.0"
      }
    },
    "node_modules/nanoid": {
      "version": "4.0.0",
      "resolved": "https://registry.npmjs.org/nanoid/-/nanoid-4.0.0.tgz",
      "integrity": "sha512-vpAFgBRpTh3E0kpr1a+YSoIVUwM+jDrEGRBMn+HfEbU2QBEkeZ2J9+flDqH+XbLJ4IEInb5s+ywHBKwE5r8NLg==",
      "bin": {
        "nanoid": "bin/nanoid.cjs"
      }
    }
  }
}
